
Microsoft Visual Studio Solution File, Format Version 12.00
# Visual Studio Version 17
VisualStudioVersion = 17.13.35825.156 d17.13
MinimumVisualStudioVersion = 10.0.40219.1
Project("{FAE04EC0-301F-11D3-BF4B-00C04F79EFBC}") = "OTP", "OTP\OTP.csproj", "{044798DA-2DCD-4B27-BC52-EAA219DE6778}"
EndProject
Global
	GlobalSection(SolutionConfigurationPlatforms) = preSolution
		Debug|Any CPU = Debug|Any CPU
		Release|Any CPU = Release|Any CPU
	EndGlobalSection
	GlobalSection(ProjectConfigurationPlatforms) = postSolution
		{044798DA-2DCD-4B27-BC52-EAA219DE6778}.Debug|Any CPU.ActiveCfg = Debug|Any CPU
		{044798DA-2DCD-4B27-BC52-EAA219DE6778}.Debug|Any CPU.Build.0 = Debug|Any CPU
		{044798DA-2DCD-4B27-BC52-EAA219DE6778}.Release|Any CPU.ActiveCfg = Release|Any CPU
		{044798DA-2DCD-4B27-BC52-EAA219DE6778}.Release|Any CPU.Build.0 = Release|Any CPU
	EndGlobalSection
	GlobalSection(SolutionProperties) = preSolution
		HideSolutionNode = FALSE
	EndGlobalSection
	GlobalSection(ExtensibilityGlobals) = postSolution
		SolutionGuid = {921D9D3B-52C2-4AA9-93DE-997998A5F3C7}
	EndGlobalSection
EndGlobal
